
Microsoft Visual Studio Solution File, Format Version 12.00
# Visual Studio Version 16
VisualStudioVersion = 16.0.29424.173
MinimumVisualStudioVersion = 10.0.40219.1
Project("{FAE04EC0-301F-11D3-BF4B-00C04F79EFBC}") = "SavingApp", "SavingApp\SavingApp.csproj", "{B9CABA92-D221-488F-8482-BD9D46F3336A}"
EndProject
Global
	GlobalSection(SolutionConfigurationPlatforms) = preSolution
		Debug|Any CPU = Debug|Any CPU
		Release|Any CPU = Release|Any CPU
	EndGlobalSection
	GlobalSection(ProjectConfigurationPlatforms) = postSolution
		{B9CABA92-D221-488F-8482-BD9D46F3336A}.Debug|Any CPU.ActiveCfg = Debug|Any CPU
		{B9CABA92-D221-488F-8482-BD9D46F3336A}.Debug|Any CPU.Build.0 = Debug|Any CPU
		{B9CABA92-D221-488F-8482-BD9D46F3336A}.Release|Any CPU.ActiveCfg = Release|Any CPU
		{B9CABA92-D221-488F-8482-BD9D46F3336A}.Release|Any CPU.Build.0 = Release|Any CPU
	EndGlobalSection
	GlobalSection(SolutionProperties) = preSolution
		HideSolutionNode = FALSE
	EndGlobalSection
	GlobalSection(ExtensibilityGlobals) = postSolution
		SolutionGuid = {1005549D-2D69-4795-B278-04872CC8096D}
	EndGlobalSection
EndGlobal
